
Microsoft Visual Studio Solution File, Format Version 12.00
# Visual Studio Version 17
VisualStudioVersion = 17.2.32616.157
MinimumVisualStudioVersion = 10.0.40219.1
Project("{FAE04EC0-301F-11D3-BF4B-00C04F79EFBC}") = "SweetChildOfMine", "SweetChildOfMine\SweetChildOfMine.csproj", "{A44E1543-614C-467A-A6D2-1CBE39EBA673}"
EndProject
Global
	GlobalSection(SolutionConfigurationPlatforms) = preSolution
		Debug|Any CPU = Debug|Any CPU
		Release|Any CPU = Release|Any CPU
	EndGlobalSection
	GlobalSection(ProjectConfigurationPlatforms) = postSolution
		{A44E1543-614C-467A-A6D2-1CBE39EBA673}.Debug|Any CPU.ActiveCfg = Debug|Any CPU
		{A44E1543-614C-467A-A6D2-1CBE39EBA673}.Debug|Any CPU.Build.0 = Debug|Any CPU
		{A44E1543-614C-467A-A6D2-1CBE39EBA673}.Release|Any CPU.ActiveCfg = Release|Any CPU
		{A44E1543-614C-467A-A6D2-1CBE39EBA673}.Release|Any CPU.Build.0 = Release|Any CPU
	EndGlobalSection
	GlobalSection(SolutionProperties) = preSolution
		HideSolutionNode = FALSE
	EndGlobalSection
	GlobalSection(ExtensibilityGlobals) = postSolution
		SolutionGuid = {11CF9169-AEC9-4987-A629-BA4EDE11F216}
	EndGlobalSection
EndGlobal
